
Microsoft Visual Studio Solution File, Format Version 12.00
# Visual Studio 2017
Project("{FAE04EC0-301F-11D3-BF4B-00C04F79EFBC}") = "Africa Simulator.Plugins", "Africa Simulator.Plugins.csproj", "{0EA036B0-0CBE-C349-56D9-03110EAEB4F1}"
EndProject
Project("{FAE04EC0-301F-11D3-BF4B-00C04F79EFBC}") = "Africa Simulator", "Africa Simulator.csproj", "{502E12DF-53A3-DAF5-9B56-784896F57264}"
EndProject
Project("{FAE04EC0-301F-11D3-BF4B-00C04F79EFBC}") = "Africa Simulator.Editor", "Africa Simulator.Editor.csproj", "{0675C5DC-FE6B-82D9-E625-0ECA8C4D7335}"
EndProject
Global
	GlobalSection(SolutionConfigurationPlatforms) = preSolution
		Debug|Any CPU = Debug|Any CPU
		Release|Any CPU = Release|Any CPU
	EndGlobalSection
	GlobalSection(ProjectConfigurationPlatforms) = postSolution
		{0EA036B0-0CBE-C349-56D9-03110EAEB4F1}.Debug|Any CPU.ActiveCfg = Debug|Any CPU
		{0EA036B0-0CBE-C349-56D9-03110EAEB4F1}.Debug|Any CPU.Build.0 = Debug|Any CPU
		{0EA036B0-0CBE-C349-56D9-03110EAEB4F1}.Release|Any CPU.ActiveCfg = Release|Any CPU
		{0EA036B0-0CBE-C349-56D9-03110EAEB4F1}.Release|Any CPU.Build.0 = Release|Any CPU
		{502E12DF-53A3-DAF5-9B56-784896F57264}.Debug|Any CPU.ActiveCfg = Debug|Any CPU
		{502E12DF-53A3-DAF5-9B56-784896F57264}.Debug|Any CPU.Build.0 = Debug|Any CPU
		{502E12DF-53A3-DAF5-9B56-784896F57264}.Release|Any CPU.ActiveCfg = Release|Any CPU
		{502E12DF-53A3-DAF5-9B56-784896F57264}.Release|Any CPU.Build.0 = Release|Any CPU
		{0675C5DC-FE6B-82D9-E625-0ECA8C4D7335}.Debug|Any CPU.ActiveCfg = Debug|Any CPU
		{0675C5DC-FE6B-82D9-E625-0ECA8C4D7335}.Debug|Any CPU.Build.0 = Debug|Any CPU
		{0675C5DC-FE6B-82D9-E625-0ECA8C4D7335}.Release|Any CPU.ActiveCfg = Release|Any CPU
		{0675C5DC-FE6B-82D9-E625-0ECA8C4D7335}.Release|Any CPU.Build.0 = Release|Any CPU
	EndGlobalSection
	GlobalSection(SolutionProperties) = preSolution
		HideSolutionNode = FALSE
	EndGlobalSection
EndGlobal
